{"is_source_file": false, "format": "", "description": "", "external_files": [], "external_methods": [], "published": [], "classes": [], "methods": [], "calls": [], "search-terms": [], "state": 2, "file_id": 56, "knowledge_revision": 134, "git_revision": "07c5b82cc666a41f24bf9741f7fc932f649dfa06", "hash": "e9b4c3b42cef0193b7fddb548d37e652", "format-version": 4, "code-base-name": "default", "filename": "game_backend_workspace/game_backend/post_process_status.lock", "revision_history": [{"134": "07c5b82cc666a41f24bf9741f7fc932f649dfa06"}]}