{"is_source_file": false, "format": null, "description": "", "external_files": [], "external_methods": [], "published": [], "classes": [], "methods": [], "calls": [], "search-terms": [], "state": 2, "file_id": 55, "knowledge_revision": 133, "git_revision": "07c5b82cc666a41f24bf9741f7fc932f649dfa06", "hash": "e9b4c3b42cef0193b7fddb548d37e652", "format-version": 4, "code-base-name": "default", "filename": "game_frontend_workspace/game_frontend/post_process_status.lock", "revision_history": [{"133": "07c5b82cc666a41f24bf9741f7fc932f649dfa06"}]}